
Microsoft Visual Studio Solution File, Format Version 12.00
# Visual Studio Version 17
VisualStudioVersion = 17.13.35825.156 d17.13
MinimumVisualStudioVersion = 10.0.40219.1
Project("{54A90642-561A-4BB1-A94E-469ADEE60C69}") = "dndgameboard.client", "dndgameboard.client\dndgameboard.client.esproj", "{D9533D8C-AE30-13AB-1A05-767C0D2EB46D}"
EndProject
Project("{FAE04EC0-301F-11D3-BF4B-00C04F79EFBC}") = "DnDGameBoard.Server", "DnDGameBoard.Server\DnDGameBoard.Server.csproj", "{1CF0569C-BDAC-4150-8DED-68C84C1C142D}"
EndProject
Global
	GlobalSection(SolutionConfigurationPlatforms) = preSolution
		Debug|Any CPU = Debug|Any CPU
		Release|Any CPU = Release|Any CPU
	EndGlobalSection
	GlobalSection(ProjectConfigurationPlatforms) = postSolution
		{D9533D8C-AE30-13AB-1A05-767C0D2EB46D}.Debug|Any CPU.ActiveCfg = Debug|Any CPU
		{D9533D8C-AE30-13AB-1A05-767C0D2EB46D}.Debug|Any CPU.Build.0 = Debug|Any CPU
		{D9533D8C-AE30-13AB-1A05-767C0D2EB46D}.Debug|Any CPU.Deploy.0 = Debug|Any CPU
		{D9533D8C-AE30-13AB-1A05-767C0D2EB46D}.Release|Any CPU.ActiveCfg = Release|Any CPU
		{D9533D8C-AE30-13AB-1A05-767C0D2EB46D}.Release|Any CPU.Build.0 = Release|Any CPU
		{D9533D8C-AE30-13AB-1A05-767C0D2EB46D}.Release|Any CPU.Deploy.0 = Release|Any CPU
		{1CF0569C-BDAC-4150-8DED-68C84C1C142D}.Debug|Any CPU.ActiveCfg = Debug|Any CPU
		{1CF0569C-BDAC-4150-8DED-68C84C1C142D}.Debug|Any CPU.Build.0 = Debug|Any CPU
		{1CF0569C-BDAC-4150-8DED-68C84C1C142D}.Release|Any CPU.ActiveCfg = Release|Any CPU
		{1CF0569C-BDAC-4150-8DED-68C84C1C142D}.Release|Any CPU.Build.0 = Release|Any CPU
	EndGlobalSection
	GlobalSection(SolutionProperties) = preSolution
		HideSolutionNode = FALSE
	EndGlobalSection
	GlobalSection(ExtensibilityGlobals) = postSolution
		SolutionGuid = {7E0250C0-E34C-4F83-8F8C-8B69D416B957}
	EndGlobalSection
EndGlobal
